
Microsoft Visual Studio Solution File, Format Version 12.00
# Visual Studio 14
VisualStudioVersion = 14.0.25420.1
MinimumVisualStudioVersion = 10.0.40219.1
Project("{FAE04EC0-301F-11D3-BF4B-00C04F79EFBC}") = "ProductManagementSystem", "ProductManagementSystem\ProductManagementSystem.csproj", "{130F78F2-7535-4DFB-9501-AE30D4A17AAF}"
EndProject
Project("{FAE04EC0-301F-11D3-BF4B-00C04F79EFBC}") = "ProductManagementSystem.BAL", "ProductMangementSystem.BAL\ProductManagementSystem.BAL.csproj", "{91D07E8D-C521-4B7E-899F-3ABB33C2C298}"
EndProject
Project("{FAE04EC0-301F-11D3-BF4B-00C04F79EFBC}") = "ProductManagementSystem.Model", "ProductManagementSytem.Model\ProductManagementSystem.Model.csproj", "{AC9D9ACE-9616-4E9B-AA42-5363A819A64D}"
EndProject
Project("{FAE04EC0-301F-11D3-BF4B-00C04F79EFBC}") = "ProductManagementSystem.DAL", "ProductManagementSystem.DAL\ProductManagementSystem.DAL.csproj", "{A1D340EE-BD8C-4F47-B585-C44631CC21AA}"
EndProject
Global
	GlobalSection(SolutionConfigurationPlatforms) = preSolution
		Debug|Any CPU = Debug|Any CPU
		Release|Any CPU = Release|Any CPU
	EndGlobalSection
	GlobalSection(ProjectConfigurationPlatforms) = postSolution
		{130F78F2-7535-4DFB-9501-AE30D4A17AAF}.Debug|Any CPU.ActiveCfg = Debug|Any CPU
		{130F78F2-7535-4DFB-9501-AE30D4A17AAF}.Debug|Any CPU.Build.0 = Debug|Any CPU
		{130F78F2-7535-4DFB-9501-AE30D4A17AAF}.Release|Any CPU.ActiveCfg = Release|Any CPU
		{130F78F2-7535-4DFB-9501-AE30D4A17AAF}.Release|Any CPU.Build.0 = Release|Any CPU
		{91D07E8D-C521-4B7E-899F-3ABB33C2C298}.Debug|Any CPU.ActiveCfg = Debug|Any CPU
		{91D07E8D-C521-4B7E-899F-3ABB33C2C298}.Debug|Any CPU.Build.0 = Debug|Any CPU
		{91D07E8D-C521-4B7E-899F-3ABB33C2C298}.Release|Any CPU.ActiveCfg = Release|Any CPU
		{91D07E8D-C521-4B7E-899F-3ABB33C2C298}.Release|Any CPU.Build.0 = Release|Any CPU
		{AC9D9ACE-9616-4E9B-AA42-5363A819A64D}.Debug|Any CPU.ActiveCfg = Debug|Any CPU
		{AC9D9ACE-9616-4E9B-AA42-5363A819A64D}.Debug|Any CPU.Build.0 = Debug|Any CPU
		{AC9D9ACE-9616-4E9B-AA42-5363A819A64D}.Release|Any CPU.ActiveCfg = Release|Any CPU
		{AC9D9ACE-9616-4E9B-AA42-5363A819A64D}.Release|Any CPU.Build.0 = Release|Any CPU
		{A1D340EE-BD8C-4F47-B585-C44631CC21AA}.Debug|Any CPU.ActiveCfg = Debug|Any CPU
		{A1D340EE-BD8C-4F47-B585-C44631CC21AA}.Debug|Any CPU.Build.0 = Debug|Any CPU
		{A1D340EE-BD8C-4F47-B585-C44631CC21AA}.Release|Any CPU.ActiveCfg = Release|Any CPU
		{A1D340EE-BD8C-4F47-B585-C44631CC21AA}.Release|Any CPU.Build.0 = Release|Any CPU
	EndGlobalSection
	GlobalSection(SolutionProperties) = preSolution
		HideSolutionNode = FALSE
	EndGlobalSection
EndGlobal
